// !$*UTF8*$!
{
	archiveVersion = 1;
	classes = {
	};
	objectVersion = 46;
	objects = {

/* Begin PBXBuildFile section */
		44FA2EFCF467BBFDA0487407 /* Pods_GithubRepos.framework in Frameworks */ = {isa = PBXBuildFile; fileRef = 7D6A5BFE5A220975D138D96A /* Pods_GithubRepos.framework */; };
		492536C29FEF74F65A1AE302 /* Pods_GithubReposTests.framework in Frameworks */ = {isa = PBXBuildFile; fileRef = 15C3D24B688836A3BF87A657 /* Pods_GithubReposTests.framework */; };
		561A2F391E75F4D7007EF407 /* AppDelegate.swift in Sources */ = {isa = PBXBuildFile; fileRef = 561A2F381E75F4D7007EF407 /* AppDelegate.swift */; };
		561A2F3E1E75F4D7007EF407 /* Main.storyboard in Resources */ = {isa = PBXBuildFile; fileRef = 561A2F3C1E75F4D7007EF407 /* Main.storyboard */; };
		561A2F401E75F4D7007EF407 /* Assets.xcassets in Resources */ = {isa = PBXBuildFile; fileRef = 561A2F3F1E75F4D7007EF407 /* Assets.xcassets */; };
		561A2F431E75F4D7007EF407 /* LaunchScreen.storyboard in Resources */ = {isa = PBXBuildFile; fileRef = 561A2F411E75F4D7007EF407 /* LaunchScreen.storyboard */; };
		561A2F4E1E75F4D8007EF407 /* GithubReposTests.swift in Sources */ = {isa = PBXBuildFile; fileRef = 561A2F4D1E75F4D8007EF407 /* GithubReposTests.swift */; };
		561A2F5E1E75F9F8007EF407 /* Config.plist in Resources */ = {isa = PBXBuildFile; fileRef = 561A2F5D1E75F9F8007EF407 /* Config.plist */; };
		561A2F631E75FC89007EF407 /* RepositoriesViewController.swift in Sources */ = {isa = PBXBuildFile; fileRef = 561A2F621E75FC89007EF407 /* RepositoriesViewController.swift */; };
/* End PBXBuildFile section */

/* Begin PBXContainerItemProxy section */
		561A2F4A1E75F4D8007EF407 /* PBXContainerItemProxy */ = {
			isa = PBXContainerItemProxy;
			containerPortal = 561A2F2D1E75F4D7007EF407 /* Project object */;
			proxyType = 1;
			remoteGlobalIDString = 561A2F341E75F4D7007EF407;
			remoteInfo = GithubRepos;
		};
/* End PBXContainerItemProxy section */

/* Begin PBXFileReference section */
		07CB464B8A9CBB5F97FD1AB0 /* Pods-GithubRepos.debug.xcconfig */ = {isa = PBXFileReference; includeInIndex = 1; lastKnownFileType = text.xcconfig; name = "Pods-GithubRepos.debug.xcconfig"; path = "Pods/Target Support Files/Pods-GithubRepos/Pods-GithubRepos.debug.xcconfig"; sourceTree = "<group>"; };
		10955A1C193AAA5C975CE78B /* Pods-GithubRepos.release.xcconfig */ = {isa = PBXFileReference; includeInIndex = 1; lastKnownFileType = text.xcconfig; name = "Pods-GithubRepos.release.xcconfig"; path = "Pods/Target Support Files/Pods-GithubRepos/Pods-GithubRepos.release.xcconfig"; sourceTree = "<group>"; };
		15C3D24B688836A3BF87A657 /* Pods_GithubReposTests.framework */ = {isa = PBXFileReference; explicitFileType = wrapper.framework; includeInIndex = 0; path = Pods_GithubReposTests.framework; sourceTree = BUILT_PRODUCTS_DIR; };
		45FA28BCF97A0344217CEC65 /* Pods-GithubReposTests.debug.xcconfig */ = {isa = PBXFileReference; includeInIndex = 1; lastKnownFileType = text.xcconfig; name = "Pods-GithubReposTests.debug.xcconfig"; path = "Pods/Target Support Files/Pods-GithubReposTests/Pods-GithubReposTests.debug.xcconfig"; sourceTree = "<group>"; };
		561A2F351E75F4D7007EF407 /* GithubRepos.app */ = {isa = PBXFileReference; explicitFileType = wrapper.application; includeInIndex = 0; path = GithubRepos.app; sourceTree = BUILT_PRODUCTS_DIR; };
		561A2F381E75F4D7007EF407 /* AppDelegate.swift */ = {isa = PBXFileReference; lastKnownFileType = sourcecode.swift; path = AppDelegate.swift; sourceTree = "<group>"; };
		561A2F3D1E75F4D7007EF407 /* Base */ = {isa = PBXFileReference; lastKnownFileType = file.storyboard; name = Base; path = Base.lproj/Main.storyboard; sourceTree = "<group>"; };
		561A2F3F1E75F4D7007EF407 /* Assets.xcassets */ = {isa = PBXFileReference; lastKnownFileType = folder.assetcatalog; path = Assets.xcassets; sourceTree = "<group>"; };
		561A2F421E75F4D7007EF407 /* Base */ = {isa = PBXFileReference; lastKnownFileType = file.storyboard; name = Base; path = Base.lproj/LaunchScreen.storyboard; sourceTree = "<group>"; };
		561A2F441E75F4D7007EF407 /* Info.plist */ = {isa = PBXFileReference; lastKnownFileType = text.plist.xml; path = Info.plist; sourceTree = "<group>"; };
		561A2F491E75F4D8007EF407 /* GithubReposTests.xctest */ = {isa = PBXFileReference; explicitFileType = wrapper.cfbundle; includeInIndex = 0; path = GithubReposTests.xctest; sourceTree = BUILT_PRODUCTS_DIR; };
		561A2F4D1E75F4D8007EF407 /* GithubReposTests.swift */ = {isa = PBXFileReference; lastKnownFileType = sourcecode.swift; path = GithubReposTests.swift; sourceTree = "<group>"; };
		561A2F4F1E75F4D8007EF407 /* Info.plist */ = {isa = PBXFileReference; lastKnownFileType = text.plist.xml; path = Info.plist; sourceTree = "<group>"; };
		561A2F5D1E75F9F8007EF407 /* Config.plist */ = {isa = PBXFileReference; fileEncoding = 4; lastKnownFileType = text.plist.xml; path = Config.plist; sourceTree = "<group>"; };
		561A2F621E75FC89007EF407 /* RepositoriesViewController.swift */ = {isa = PBXFileReference; fileEncoding = 4; lastKnownFileType = sourcecode.swift; name = RepositoriesViewController.swift; path = Controller/RepositoriesViewController.swift; sourceTree = "<group>"; };
		7D6A5BFE5A220975D138D96A /* Pods_GithubRepos.framework */ = {isa = PBXFileReference; explicitFileType = wrapper.framework; includeInIndex = 0; path = Pods_GithubRepos.framework; sourceTree = BUILT_PRODUCTS_DIR; };
		B9244CCE3571E36FAE3C1555 /* Pods-GithubReposTests.release.xcconfig */ = {isa = PBXFileReference; includeInIndex = 1; lastKnownFileType = text.xcconfig; name = "Pods-GithubReposTests.release.xcconfig"; path = "Pods/Target Support Files/Pods-GithubReposTests/Pods-GithubReposTests.release.xcconfig"; sourceTree = "<group>"; };
/* End PBXFileReference section */

/* Begin PBXFrameworksBuildPhase section */
		561A2F321E75F4D7007EF407 /* Frameworks */ = {
			isa = PBXFrameworksBuildPhase;
			buildActionMask = 2147483647;
			files = (
				44FA2EFCF467BBFDA0487407 /* Pods_GithubRepos.framework in Frameworks */,
			);
			runOnlyForDeploymentPostprocessing = 0;
		};
		561A2F461E75F4D8007EF407 /* Frameworks */ = {
			isa = PBXFrameworksBuildPhase;
			buildActionMask = 2147483647;
			files = (
				492536C29FEF74F65A1AE302 /* Pods_GithubReposTests.framework in Frameworks */,
			);
			runOnlyForDeploymentPostprocessing = 0;
		};
/* End PBXFrameworksBuildPhase section */

/* Begin PBXGroup section */
		4E02DFAD4E471A3344A4B917 /* Frameworks */ = {
			isa = PBXGroup;
			children = (
				7D6A5BFE5A220975D138D96A /* Pods_GithubRepos.framework */,
				15C3D24B688836A3BF87A657 /* Pods_GithubReposTests.framework */,
			);
			name = Frameworks;
			sourceTree = "<group>";
		};
		561A2F2C1E75F4D7007EF407 = {
			isa = PBXGroup;
			children = (
				561A2F371E75F4D7007EF407 /* GitHubRepos */,
				561A2F4C1E75F4D8007EF407 /* GithubReposTests */,
				561A2F361E75F4D7007EF407 /* Products */,
				FF36225C9FF2B7CF851D774C /* Pods */,
				4E02DFAD4E471A3344A4B917 /* Frameworks */,
			);
			sourceTree = "<group>";
		};
		561A2F361E75F4D7007EF407 /* Products */ = {
			isa = PBXGroup;
			children = (
				561A2F351E75F4D7007EF407 /* GithubRepos.app */,
				561A2F491E75F4D8007EF407 /* GithubReposTests.xctest */,
			);
			name = Products;
			sourceTree = "<group>";
		};
		561A2F371E75F4D7007EF407 /* GitHubRepos */ = {
			isa = PBXGroup;
			children = (
				561A2F5A1E75F60D007EF407 /* Model */,
				561A2F5B1E75F617007EF407 /* View */,
				561A2F5C1E75F61D007EF407 /* Controller */,
				561A2F3C1E75F4D7007EF407 /* Main.storyboard */,
				561A2F591E75F567007EF407 /* Supporting Files */,
			);
			name = GitHubRepos;
			path = GithubRepos;
			sourceTree = "<group>";
		};
		561A2F4C1E75F4D8007EF407 /* GithubReposTests */ = {
			isa = PBXGroup;
			children = (
				561A2F4D1E75F4D8007EF407 /* GithubReposTests.swift */,
				561A2F4F1E75F4D8007EF407 /* Info.plist */,
			);
			path = GithubReposTests;
			sourceTree = "<group>";
		};
		561A2F591E75F567007EF407 /* Supporting Files */ = {
			isa = PBXGroup;
			children = (
				561A2F381E75F4D7007EF407 /* AppDelegate.swift */,
				561A2F3F1E75F4D7007EF407 /* Assets.xcassets */,
				561A2F411E75F4D7007EF407 /* LaunchScreen.storyboard */,
				561A2F441E75F4D7007EF407 /* Info.plist */,
				561A2F5D1E75F9F8007EF407 /* Config.plist */,
			);
			name = "Supporting Files";
			sourceTree = "<group>";
		};
		561A2F5A1E75F60D007EF407 /* Model */ = {
			isa = PBXGroup;
			children = (
			);
			name = Model;
			sourceTree = "<group>";
		};
		561A2F5B1E75F617007EF407 /* View */ = {
			isa = PBXGroup;
			children = (
			);
			name = View;
			sourceTree = "<group>";
		};
		561A2F5C1E75F61D007EF407 /* Controller */ = {
			isa = PBXGroup;
			children = (
				561A2F621E75FC89007EF407 /* RepositoriesViewController.swift */,
			);
			name = Controller;
			sourceTree = "<group>";
		};
		FF36225C9FF2B7CF851D774C /* Pods */ = {
			isa = PBXGroup;
			children = (
				07CB464B8A9CBB5F97FD1AB0 /* Pods-GithubRepos.debug.xcconfig */,
				10955A1C193AAA5C975CE78B /* Pods-GithubRepos.release.xcconfig */,
				45FA28BCF97A0344217CEC65 /* Pods-GithubReposTests.debug.xcconfig */,
				B9244CCE3571E36FAE3C1555 /* Pods-GithubReposTests.release.xcconfig */,
			);
			name = Pods;
			sourceTree = "<group>";
		};
/* End PBXGroup section */

/* Begin PBXNativeTarget section */
		561A2F341E75F4D7007EF407 /* GithubRepos */ = {
			isa = PBXNativeTarget;
			buildConfigurationList = 561A2F521E75F4D8007EF407 /* Build configuration list for PBXNativeTarget "GithubRepos" */;
			buildPhases = (
				FBFC4AAB5E40E0692FE7EE88 /* [CP] Check Pods Manifest.lock */,
				561A2F311E75F4D7007EF407 /* Sources */,
				561A2F321E75F4D7007EF407 /* Frameworks */,
				561A2F331E75F4D7007EF407 /* Resources */,
				36A190313C1D942DA2D649DF /* [CP] Embed Pods Frameworks */,
				143A327042B4BB2FE32F31BB /* [CP] Copy Pods Resources */,
			);
			buildRules = (
			);
			dependencies = (
			);
			name = GithubRepos;
			productName = GithubRepos;
			productReference = 561A2F351E75F4D7007EF407 /* GithubRepos.app */;
			productType = "com.apple.product-type.application";
		};
		561A2F481E75F4D8007EF407 /* GithubReposTests */ = {
			isa = PBXNativeTarget;
			buildConfigurationList = 561A2F551E75F4D8007EF407 /* Build configuration list for PBXNativeTarget "GithubReposTests" */;
			buildPhases = (
				BA08F1F951D70CF16C54F939 /* [CP] Check Pods Manifest.lock */,
				561A2F451E75F4D8007EF407 /* Sources */,
				561A2F461E75F4D8007EF407 /* Frameworks */,
				561A2F471E75F4D8007EF407 /* Resources */,
				B54AFD8B3B04BA48690D5ED0 /* [CP] Embed Pods Frameworks */,
				D55FE33594D314B4E42954E6 /* [CP] Copy Pods Resources */,
			);
			buildRules = (
			);
			dependencies = (
				561A2F4B1E75F4D8007EF407 /* PBXTargetDependency */,
			);
			name = GithubReposTests;
			productName = GithubReposTests;
			productReference = 561A2F491E75F4D8007EF407 /* GithubReposTests.xctest */;
			productType = "com.apple.product-type.bundle.unit-test";
		};
/* End PBXNativeTarget section */

/* Begin PBXProject section */
		561A2F2D1E75F4D7007EF407 /* Project object */ = {
			isa = PBXProject;
			attributes = {
				LastSwiftUpdateCheck = 0820;
				LastUpgradeCheck = 0820;
				ORGANIZATIONNAME = "Paulo Gama";
				TargetAttributes = {
					561A2F341E75F4D7007EF407 = {
						CreatedOnToolsVersion = 8.2.1;
						DevelopmentTeam = 68289LYC3X;
						ProvisioningStyle = Automatic;
					};
					561A2F481E75F4D8007EF407 = {
						CreatedOnToolsVersion = 8.2.1;
						ProvisioningStyle = Automatic;
						TestTargetID = 561A2F341E75F4D7007EF407;
					};
				};
			};
			buildConfigurationList = 561A2F301E75F4D7007EF407 /* Build configuration list for PBXProject "GitHubRepos" */;
			compatibilityVersion = "Xcode 3.2";
			developmentRegion = English;
			hasScannedForEncodings = 0;
			knownRegions = (
				en,
				Base,
			);
			mainGroup = 561A2F2C1E75F4D7007EF407;
			productRefGroup = 561A2F361E75F4D7007EF407 /* Products */;
			projectDirPath = "";
			projectRoot = "";
			targets = (
				561A2F341E75F4D7007EF407 /* GithubRepos */,
				561A2F481E75F4D8007EF407 /* GithubReposTests */,
			);
		};
/* End PBXProject section */

/* Begin PBXResourcesBuildPhase section */
		561A2F331E75F4D7007EF407 /* Resources */ = {
			isa = PBXResourcesBuildPhase;
			buildActionMask = 2147483647;
			files = (
				561A2F5E1E75F9F8007EF407 /* Config.plist in Resources */,
				561A2F431E75F4D7007EF407 /* LaunchScreen.storyboard in Resources */,
				561A2F401E75F4D7007EF407 /* Assets.xcassets in Resources */,
				561A2F3E1E75F4D7007EF407 /* Main.storyboard in Resources */,
			);
			runOnlyForDeploymentPostprocessing = 0;
		};
		561A2F471E75F4D8007EF407 /* Resources */ = {
			isa = PBXResourcesBuildPhase;
			buildActionMask = 2147483647;
			files = (
			);
			runOnlyForDeploymentPostprocessing = 0;
		};
/* End PBXResourcesBuildPhase section */

/* Begin PBXShellScriptBuildPhase section */
		143A327042B4BB2FE32F31BB /* [CP] Copy Pods Resources */ = {
			isa = PBXShellScriptBuildPhase;
			buildActionMask = 2147483647;
			files = (
			);
			inputPaths = (
			);
			name = "[CP] Copy Pods Resources";
			outputPaths = (
			);
			runOnlyForDeploymentPostprocessing = 0;
			shellPath = /bin/sh;
			shellScript = "\"${SRCROOT}/Pods/Target Support Files/Pods-GithubRepos/Pods-GithubRepos-resources.sh\"\n";
			showEnvVarsInLog = 0;
		};
		36A190313C1D942DA2D649DF /* [CP] Embed Pods Frameworks */ = {
			isa = PBXShellScriptBuildPhase;
			buildActionMask = 2147483647;
			files = (
			);
			inputPaths = (
			);
			name = "[CP] Embed Pods Frameworks";
			outputPaths = (
			);
			runOnlyForDeploymentPostprocessing = 0;
			shellPath = /bin/sh;
			shellScript = "\"${SRCROOT}/Pods/Target Support Files/Pods-GithubRepos/Pods-GithubRepos-frameworks.sh\"\n";
			showEnvVarsInLog = 0;
		};
		B54AFD8B3B04BA48690D5ED0 /* [CP] Embed Pods Frameworks */ = {
			isa = PBXShellScriptBuildPhase;
			buildActionMask = 2147483647;
			files = (
			);
			inputPaths = (
			);
			name = "[CP] Embed Pods Frameworks";
			outputPaths = (
			);
			runOnlyForDeploymentPostprocessing = 0;
			shellPath = /bin/sh;
			shellScript = "\"${SRCROOT}/Pods/Target Support Files/Pods-GithubReposTests/Pods-GithubReposTests-frameworks.sh\"\n";
			showEnvVarsInLog = 0;
		};
		BA08F1F951D70CF16C54F939 /* [CP] Check Pods Manifest.lock */ = {
			isa = PBXShellScriptBuildPhase;
			buildActionMask = 2147483647;
			files = (
			);
			inputPaths = (
			);
			name = "[CP] Check Pods Manifest.lock";
			outputPaths = (
			);
			runOnlyForDeploymentPostprocessing = 0;
			shellPath = /bin/sh;
			shellScript = "diff \"${PODS_ROOT}/../Podfile.lock\" \"${PODS_ROOT}/Manifest.lock\" > /dev/null\nif [ $? != 0 ] ; then\n    # print error to STDERR\n    echo \"error: The sandbox is not in sync with the Podfile.lock. Run 'pod install' or update your CocoaPods installation.\" >&2\n    exit 1\nfi\n";
			showEnvVarsInLog = 0;
		};
		D55FE33594D314B4E42954E6 /* [CP] Copy Pods Resources */ = {
			isa = PBXShellScriptBuildPhase;
			buildActionMask = 2147483647;
			files = (
			);
			inputPaths = (
			);
			name = "[CP] Copy Pods Resources";
			outputPaths = (
			);
			runOnlyForDeploymentPostprocessing = 0;
			shellPath = /bin/sh;
			shellScript = "\"${SRCROOT}/Pods/Target Support Files/Pods-GithubReposTests/Pods-GithubReposTests-resources.sh\"\n";
			showEnvVarsInLog = 0;
		};
		FBFC4AAB5E40E0692FE7EE88 /* [CP] Check Pods Manifest.lock */ = {
			isa = PBXShellScriptBuildPhase;
			buildActionMask = 2147483647;
			files = (
			);
			inputPaths = (
			);
			name = "[CP] Check Pods Manifest.lock";
			outputPaths = (
			);
			runOnlyForDeploymentPostprocessing = 0;
			shellPath = /bin/sh;
			shellScript = "diff \"${PODS_ROOT}/../Podfile.lock\" \"${PODS_ROOT}/Manifest.lock\" > /dev/null\nif [ $? != 0 ] ; then\n    # print error to STDERR\n    echo \"error: The sandbox is not in sync with the Podfile.lock. Run 'pod install' or update your CocoaPods installation.\" >&2\n    exit 1\nfi\n";
			showEnvVarsInLog = 0;
		};
/* End PBXShellScriptBuildPhase section */

/* Begin PBXSourcesBuildPhase section */
		561A2F311E75F4D7007EF407 /* Sources */ = {
			isa = PBXSourcesBuildPhase;
			buildActionMask = 2147483647;
			files = (
				561A2F631E75FC89007EF407 /* RepositoriesViewController.swift in Sources */,
				561A2F391E75F4D7007EF407 /* AppDelegate.swift in Sources */,
			);
			runOnlyForDeploymentPostprocessing = 0;
		};
		561A2F451E75F4D8007EF407 /* Sources */ = {
			isa = PBXSourcesBuildPhase;
			buildActionMask = 2147483647;
			files = (
				561A2F4E1E75F4D8007EF407 /* GithubReposTests.swift in Sources */,
			);
			runOnlyForDeploymentPostprocessing = 0;
		};
/* End PBXSourcesBuildPhase section */

/* Begin PBXTargetDependency section */
		561A2F4B1E75F4D8007EF407 /* PBXTargetDependency */ = {
			isa = PBXTargetDependency;
			target = 561A2F341E75F4D7007EF407 /* GithubRepos */;
			targetProxy = 561A2F4A1E75F4D8007EF407 /* PBXContainerItemProxy */;
		};
/* End PBXTargetDependency section */

/* Begin PBXVariantGroup section */
		561A2F3C1E75F4D7007EF407 /* Main.storyboard */ = {
			isa = PBXVariantGroup;
			children = (
				561A2F3D1E75F4D7007EF407 /* Base */,
			);
			name = Main.storyboard;
			sourceTree = "<group>";
		};
		561A2F411E75F4D7007EF407 /* LaunchScreen.storyboard */ = {
			isa = PBXVariantGroup;
			children = (
				561A2F421E75F4D7007EF407 /* Base */,
			);
			name = LaunchScreen.storyboard;
			sourceTree = "<group>";
		};
/* End PBXVariantGroup section */

/* Begin XCBuildConfiguration section */
		561A2F501E75F4D8007EF407 /* Debug */ = {
			isa = XCBuildConfiguration;
			buildSettings = {
				ALWAYS_SEARCH_USER_PATHS = NO;
				CLANG_ANALYZER_NONNULL = YES;
				CLANG_CXX_LANGUAGE_STANDARD = "gnu++0x";
				CLANG_CXX_LIBRARY = "libc++";
				CLANG_ENABLE_MODULES = YES;
				CLANG_ENABLE_OBJC_ARC = YES;
				CLANG_WARN_BOOL_CONVERSION = YES;
				CLANG_WARN_CONSTANT_CONVERSION = YES;
				CLANG_WARN_DIRECT_OBJC_ISA_USAGE = YES_ERROR;
				CLANG_WARN_DOCUMENTATION_COMMENTS = YES;
				CLANG_WARN_EMPTY_BODY = YES;
				CLANG_WARN_ENUM_CONVERSION = YES;
				CLANG_WARN_INFINITE_RECURSION = YES;
				CLANG_WARN_INT_CONVERSION = YES;
				CLANG_WARN_OBJC_ROOT_CLASS = YES_ERROR;
				CLANG_WARN_SUSPICIOUS_MOVE = YES;
				CLANG_WARN_UNREACHABLE_CODE = YES;
				CLANG_WARN__DUPLICATE_METHOD_MATCH = YES;
				"CODE_SIGN_IDENTITY[sdk=iphoneos*]" = "iPhone Developer";
				COPY_PHASE_STRIP = NO;
				DEBUG_INFORMATION_FORMAT = dwarf;
				ENABLE_STRICT_OBJC_MSGSEND = YES;
				ENABLE_TESTABILITY = YES;
				GCC_C_LANGUAGE_STANDARD = gnu99;
				GCC_DYNAMIC_NO_PIC = NO;
				GCC_NO_COMMON_BLOCKS = YES;
				GCC_OPTIMIZATION_LEVEL = 0;
				GCC_PREPROCESSOR_DEFINITIONS = (
					"DEBUG=1",
					"$(inherited)",
				);
				GCC_WARN_64_TO_32_BIT_CONVERSION = YES;
				GCC_WARN_ABOUT_RETURN_TYPE = YES_ERROR;
				GCC_WARN_UNDECLARED_SELECTOR = YES;
				GCC_WARN_UNINITIALIZED_AUTOS = YES_AGGRESSIVE;
				GCC_WARN_UNUSED_FUNCTION = YES;
				GCC_WARN_UNUSED_VARIABLE = YES;
				IPHONEOS_DEPLOYMENT_TARGET = 10.2;
				MTL_ENABLE_DEBUG_INFO = YES;
				ONLY_ACTIVE_ARCH = YES;
				SDKROOT = iphoneos;
				SWIFT_ACTIVE_COMPILATION_CONDITIONS = DEBUG;
				SWIFT_OPTIMIZATION_LEVEL = "-Onone";
			};
			name = Debug;
		};
		561A2F511E75F4D8007EF407 /* Release */ = {
			isa = XCBuildConfiguration;
			buildSettings = {
				ALWAYS_SEARCH_USER_PATHS = NO;
				CLANG_ANALYZER_NONNULL = YES;
				CLANG_CXX_LANGUAGE_STANDARD = "gnu++0x";
				CLANG_CXX_LIBRARY = "libc++";
				CLANG_ENABLE_MODULES = YES;
				CLANG_ENABLE_OBJC_ARC = YES;
				CLANG_WARN_BOOL_CONVERSION = YES;
				CLANG_WARN_CONSTANT_CONVERSION = YES;
				CLANG_WARN_DIRECT_OBJC_ISA_USAGE = YES_ERROR;
				CLANG_WARN_DOCUMENTATION_COMMENTS = YES;
				CLANG_WARN_EMPTY_BODY = YES;
				CLANG_WARN_ENUM_CONVERSION = YES;
				CLANG_WARN_INFINITE_RECURSION = YES;
				CLANG_WARN_INT_CONVERSION = YES;
				CLANG_WARN_OBJC_ROOT_CLASS = YES_ERROR;
				CLANG_WARN_SUSPICIOUS_MOVE = YES;
				CLANG_WARN_UNREACHABLE_CODE = YES;
				CLANG_WARN__DUPLICATE_METHOD_MATCH = YES;
				"CODE_SIGN_IDENTITY[sdk=iphoneos*]" = "iPhone Developer";
				COPY_PHASE_STRIP = NO;
				DEBUG_INFORMATION_FORMAT = "dwarf-with-dsym";
				ENABLE_NS_ASSERTIONS = NO;
				ENABLE_STRICT_OBJC_MSGSEND = YES;
				GCC_C_LANGUAGE_STANDARD = gnu99;
				GCC_NO_COMMON_BLOCKS = YES;
				GCC_WARN_64_TO_32_BIT_CONVERSION = YES;
				GCC_WARN_ABOUT_RETURN_TYPE = YES_ERROR;
				GCC_WARN_UNDECLARED_SELECTOR = YES;
				GCC_WARN_UNINITIALIZED_AUTOS = YES_AGGRESSIVE;
				GCC_WARN_UNUSED_FUNCTION = YES;
				GCC_WARN_UNUSED_VARIABLE = YES;
				IPHONEOS_DEPLOYMENT_TARGET = 10.2;
				MTL_ENABLE_DEBUG_INFO = NO;
				SDKROOT = iphoneos;
				SWIFT_OPTIMIZATION_LEVEL = "-Owholemodule";
				VALIDATE_PRODUCT = YES;
			};
			name = Release;
		};
		561A2F531E75F4D8007EF407 /* Debug */ = {
			isa = XCBuildConfiguration;
			baseConfigurationReference = 07CB464B8A9CBB5F97FD1AB0 /* Pods-GithubRepos.debug.xcconfig */;
			buildSettings = {
				ASSETCATALOG_COMPILER_APPICON_NAME = AppIcon;
				"CODE_SIGN_IDENTITY[sdk=iphoneos*]" = "iPhone Developer";
				DEVELOPMENT_TEAM = 68289LYC3X;
				INFOPLIST_FILE = GithubRepos/Info.plist;
				LD_RUNPATH_SEARCH_PATHS = "$(inherited) @executable_path/Frameworks";
				PRODUCT_BUNDLE_IDENTIFIER = com.paulogama.GitHubRepos;
				PRODUCT_NAME = "$(TARGET_NAME)";
				SWIFT_VERSION = 3.0;
			};
			name = Debug;
		};
		561A2F541E75F4D8007EF407 /* Release */ = {
			isa = XCBuildConfiguration;
			baseConfigurationReference = 10955A1C193AAA5C975CE78B /* Pods-GithubRepos.release.xcconfig */;
			buildSettings = {
				ASSETCATALOG_COMPILER_APPICON_NAME = AppIcon;
				"CODE_SIGN_IDENTITY[sdk=iphoneos*]" = "iPhone Developer";
				DEVELOPMENT_TEAM = 68289LYC3X;
				INFOPLIST_FILE = GithubRepos/Info.plist;
				LD_RUNPATH_SEARCH_PATHS = "$(inherited) @executable_path/Frameworks";
				PRODUCT_BUNDLE_IDENTIFIER = com.paulogama.GitHubRepos;
				PRODUCT_NAME = "$(TARGET_NAME)";
				SWIFT_VERSION = 3.0;
			};
			name = Release;
		};
		561A2F561E75F4D8007EF407 /* Debug */ = {
			isa = XCBuildConfiguration;
			baseConfigurationReference = 45FA28BCF97A0344217CEC65 /* Pods-GithubReposTests.debug.xcconfig */;
			buildSettings = {
				ALWAYS_EMBED_SWIFT_STANDARD_LIBRARIES = YES;
				BUNDLE_LOADER = "$(TEST_HOST)";
				INFOPLIST_FILE = GithubReposTests/Info.plist;
				LD_RUNPATH_SEARCH_PATHS = "$(inherited) @executable_path/Frameworks @loader_path/Frameworks";
				PRODUCT_BUNDLE_IDENTIFIER = com.paulogama.GithubReposTests;
				PRODUCT_NAME = "$(TARGET_NAME)";
				SWIFT_VERSION = 3.0;
				TEST_HOST = "$(BUILT_PRODUCTS_DIR)/GitHubRepos.temp_caseinsensitive_rename.app/GitHubRepos.temp_caseinsensitive_rename";
			};
			name = Debug;
		};
		561A2F571E75F4D8007EF407 /* Release */ = {
			isa = XCBuildConfiguration;
			baseConfigurationReference = B9244CCE3571E36FAE3C1555 /* Pods-GithubReposTests.release.xcconfig */;
			buildSettings = {
				ALWAYS_EMBED_SWIFT_STANDARD_LIBRARIES = YES;
				BUNDLE_LOADER = "$(TEST_HOST)";
				INFOPLIST_FILE = GithubReposTests/Info.plist;
				LD_RUNPATH_SEARCH_PATHS = "$(inherited) @executable_path/Frameworks @loader_path/Frameworks";
				PRODUCT_BUNDLE_IDENTIFIER = com.paulogama.GithubReposTests;
				PRODUCT_NAME = "$(TARGET_NAME)";
				SWIFT_VERSION = 3.0;
				TEST_HOST = "$(BUILT_PRODUCTS_DIR)/GitHubRepos.temp_caseinsensitive_rename.app/GitHubRepos.temp_caseinsensitive_rename";
			};
			name = Release;
		};
/* End XCBuildConfiguration section */

/* Begin XCConfigurationList section */
		561A2F301E75F4D7007EF407 /* Build configuration list for PBXProject "GitHubRepos" */ = {
			isa = XCConfigurationList;
			buildConfigurations = (
				561A2F501E75F4D8007EF407 /* Debug */,
				561A2F511E75F4D8007EF407 /* Release */,
			);
			defaultConfigurationIsVisible = 0;
			defaultConfigurationName = Release;
		};
		561A2F521E75F4D8007EF407 /* Build configuration list for PBXNativeTarget "GithubRepos" */ = {
			isa = XCConfigurationList;
			buildConfigurations = (
				561A2F531E75F4D8007EF407 /* Debug */,
				561A2F541E75F4D8007EF407 /* Release */,
			);
			defaultConfigurationIsVisible = 0;
			defaultConfigurationName = Release;
		};
		561A2F551E75F4D8007EF407 /* Build configuration list for PBXNativeTarget "GithubReposTests" */ = {
			isa = XCConfigurationList;
			buildConfigurations = (
				561A2F561E75F4D8007EF407 /* Debug */,
				561A2F571E75F4D8007EF407 /* Release */,
			);
			defaultConfigurationIsVisible = 0;
			defaultConfigurationName = Release;
		};
/* End XCConfigurationList section */
	};
	rootObject = 561A2F2D1E75F4D7007EF407 /* Project object */;
}
